
Microsoft Visual Studio Solution File, Format Version 12.00
# Visual Studio 14
VisualStudioVersion = 14.0.23107.0
MinimumVisualStudioVersion = 10.0.40219.1
Project("{FAE04EC0-301F-11D3-BF4B-00C04F79EFBC}") = "GG.Web", "GG.Web\GG.Web.csproj", "{5C83869D-DA01-49AC-86B5-DEFC970C7805}"
EndProject
Project("{FAE04EC0-301F-11D3-BF4B-00C04F79EFBC}") = "GG.Web.Tests", "GG.Web.Tests\GG.Web.Tests.csproj", "{4CA9CA3B-1965-4F81-804D-37D83CDE0347}"
EndProject
Project("{FAE04EC0-301F-11D3-BF4B-00C04F79EFBC}") = "GG.Components", "GG.Components\GG.Components.csproj", "{6DCCC9B9-2BF1-40BF-9DC7-649228DBF9C0}"
EndProject
Project("{FAE04EC0-301F-11D3-BF4B-00C04F79EFBC}") = "GG.Service", "GG.Service\GG.Service.csproj", "{D89E5E50-67A3-48B6-AD6F-EF3A3C045644}"
EndProject
Project("{FAE04EC0-301F-11D3-BF4B-00C04F79EFBC}") = "GG.Data", "GG.Data\GG.Data.csproj", "{6E620A44-69D3-45C3-86F0-3FF0BC051CE4}"
EndProject
Project("{FAE04EC0-301F-11D3-BF4B-00C04F79EFBC}") = "groceryTemplate", "groceryTemplate\groceryTemplate.csproj", "{1BB78A7E-6768-45D1-BA16-699C3C11FC6A}"
EndProject
Global
	GlobalSection(SolutionConfigurationPlatforms) = preSolution
		Debug|Any CPU = Debug|Any CPU
		Release|Any CPU = Release|Any CPU
	EndGlobalSection
	GlobalSection(ProjectConfigurationPlatforms) = postSolution
		{5C83869D-DA01-49AC-86B5-DEFC970C7805}.Debug|Any CPU.ActiveCfg = Debug|Any CPU
		{5C83869D-DA01-49AC-86B5-DEFC970C7805}.Debug|Any CPU.Build.0 = Debug|Any CPU
		{5C83869D-DA01-49AC-86B5-DEFC970C7805}.Release|Any CPU.ActiveCfg = Release|Any CPU
		{5C83869D-DA01-49AC-86B5-DEFC970C7805}.Release|Any CPU.Build.0 = Release|Any CPU
		{4CA9CA3B-1965-4F81-804D-37D83CDE0347}.Debug|Any CPU.ActiveCfg = Debug|Any CPU
		{4CA9CA3B-1965-4F81-804D-37D83CDE0347}.Debug|Any CPU.Build.0 = Debug|Any CPU
		{4CA9CA3B-1965-4F81-804D-37D83CDE0347}.Release|Any CPU.ActiveCfg = Release|Any CPU
		{4CA9CA3B-1965-4F81-804D-37D83CDE0347}.Release|Any CPU.Build.0 = Release|Any CPU
		{6DCCC9B9-2BF1-40BF-9DC7-649228DBF9C0}.Debug|Any CPU.ActiveCfg = Debug|Any CPU
		{6DCCC9B9-2BF1-40BF-9DC7-649228DBF9C0}.Debug|Any CPU.Build.0 = Debug|Any CPU
		{6DCCC9B9-2BF1-40BF-9DC7-649228DBF9C0}.Release|Any CPU.ActiveCfg = Release|Any CPU
		{6DCCC9B9-2BF1-40BF-9DC7-649228DBF9C0}.Release|Any CPU.Build.0 = Release|Any CPU
		{D89E5E50-67A3-48B6-AD6F-EF3A3C045644}.Debug|Any CPU.ActiveCfg = Debug|Any CPU
		{D89E5E50-67A3-48B6-AD6F-EF3A3C045644}.Debug|Any CPU.Build.0 = Debug|Any CPU
		{D89E5E50-67A3-48B6-AD6F-EF3A3C045644}.Release|Any CPU.ActiveCfg = Release|Any CPU
		{D89E5E50-67A3-48B6-AD6F-EF3A3C045644}.Release|Any CPU.Build.0 = Release|Any CPU
		{6E620A44-69D3-45C3-86F0-3FF0BC051CE4}.Debug|Any CPU.ActiveCfg = Debug|Any CPU
		{6E620A44-69D3-45C3-86F0-3FF0BC051CE4}.Debug|Any CPU.Build.0 = Debug|Any CPU
		{6E620A44-69D3-45C3-86F0-3FF0BC051CE4}.Release|Any CPU.ActiveCfg = Release|Any CPU
		{6E620A44-69D3-45C3-86F0-3FF0BC051CE4}.Release|Any CPU.Build.0 = Release|Any CPU
		{1BB78A7E-6768-45D1-BA16-699C3C11FC6A}.Debug|Any CPU.ActiveCfg = Debug|Any CPU
		{1BB78A7E-6768-45D1-BA16-699C3C11FC6A}.Debug|Any CPU.Build.0 = Debug|Any CPU
		{1BB78A7E-6768-45D1-BA16-699C3C11FC6A}.Release|Any CPU.ActiveCfg = Release|Any CPU
		{1BB78A7E-6768-45D1-BA16-699C3C11FC6A}.Release|Any CPU.Build.0 = Release|Any CPU
	EndGlobalSection
	GlobalSection(SolutionProperties) = preSolution
		HideSolutionNode = FALSE
	EndGlobalSection
EndGlobal
